// !$*UTF8*$!
{
	archiveVersion = 1;
	classes = {
	};
	objectVersion = 50;
	objects = {

/* Begin PBXBuildFile section */
		AC07B585251E1A5000B492C9 /* RATImageStore.m in Sources */ = {isa = PBXBuildFile; fileRef = AC07B584251E1A5000B492C9 /* RATImageStore.m */; };
		AC07B588251E5CFD00B492C9 /* RATDetailViewController+UITextFieldDelegate.m in Sources */ = {isa = PBXBuildFile; fileRef = AC07B587251E5CFD00B492C9 /* RATDetailViewController+UITextFieldDelegate.m */; };
		AC07B58B251E643100B492C9 /* RATDetailViewController+UIImagePickerControllerDelegate.m in Sources */ = {isa = PBXBuildFile; fileRef = AC07B58A251E643100B492C9 /* RATDetailViewController+UIImagePickerControllerDelegate.m */; };
		AC4999162512311600F2267A /* AppDelegate.m in Sources */ = {isa = PBXBuildFile; fileRef = AC4999152512311600F2267A /* AppDelegate.m */; };
		AC4999212512311800F2267A /* Assets.xcassets in Resources */ = {isa = PBXBuildFile; fileRef = AC4999202512311800F2267A /* Assets.xcassets */; };
		AC4999242512311800F2267A /* LaunchScreen.storyboard in Resources */ = {isa = PBXBuildFile; fileRef = AC4999222512311800F2267A /* LaunchScreen.storyboard */; };
		AC4999272512311800F2267A /* main.m in Sources */ = {isa = PBXBuildFile; fileRef = AC4999262512311800F2267A /* main.m */; };
		AC4999322512427500F2267A /* RATPlacesViewController.m in Sources */ = {isa = PBXBuildFile; fileRef = AC4999312512427500F2267A /* RATPlacesViewController.m */; };
		AC49993525124BDC00F2267A /* RATPlace.m in Sources */ = {isa = PBXBuildFile; fileRef = AC49993425124BDC00F2267A /* RATPlace.m */; };
		AC4999382512581F00F2267A /* RATPlaceStore.m in Sources */ = {isa = PBXBuildFile; fileRef = AC4999372512581F00F2267A /* RATPlaceStore.m */; };
		AC80F2F02518D3380036029E /* RATDetailViewController.m in Sources */ = {isa = PBXBuildFile; fileRef = AC80F2EE2518D3380036029E /* RATDetailViewController.m */; };
		AC80F2F12518D3380036029E /* RATDetailViewController.xib in Resources */ = {isa = PBXBuildFile; fileRef = AC80F2EF2518D3380036029E /* RATDetailViewController.xib */; };
/* End PBXBuildFile section */

/* Begin PBXFileReference section */
		AC07B583251E1A5000B492C9 /* RATImageStore.h */ = {isa = PBXFileReference; lastKnownFileType = sourcecode.c.h; path = RATImageStore.h; sourceTree = "<group>"; };
		AC07B584251E1A5000B492C9 /* RATImageStore.m */ = {isa = PBXFileReference; lastKnownFileType = sourcecode.c.objc; path = RATImageStore.m; sourceTree = "<group>"; };
		AC07B587251E5CFD00B492C9 /* RATDetailViewController+UITextFieldDelegate.m */ = {isa = PBXFileReference; lastKnownFileType = sourcecode.c.objc; path = "RATDetailViewController+UITextFieldDelegate.m"; sourceTree = "<group>"; };
		AC07B58A251E643100B492C9 /* RATDetailViewController+UIImagePickerControllerDelegate.m */ = {isa = PBXFileReference; lastKnownFileType = sourcecode.c.objc; path = "RATDetailViewController+UIImagePickerControllerDelegate.m"; sourceTree = "<group>"; };
		AC07B58F251E69B800B492C9 /* RATDetailViewController+.h */ = {isa = PBXFileReference; lastKnownFileType = sourcecode.c.h; path = "RATDetailViewController+.h"; sourceTree = "<group>"; };
		AC4999112512311600F2267A /* MyPlaces.app */ = {isa = PBXFileReference; explicitFileType = wrapper.application; includeInIndex = 0; path = MyPlaces.app; sourceTree = BUILT_PRODUCTS_DIR; };
		AC4999142512311600F2267A /* AppDelegate.h */ = {isa = PBXFileReference; lastKnownFileType = sourcecode.c.h; path = AppDelegate.h; sourceTree = "<group>"; };
		AC4999152512311600F2267A /* AppDelegate.m */ = {isa = PBXFileReference; lastKnownFileType = sourcecode.c.objc; path = AppDelegate.m; sourceTree = "<group>"; };
		AC4999202512311800F2267A /* Assets.xcassets */ = {isa = PBXFileReference; lastKnownFileType = folder.assetcatalog; path = Assets.xcassets; sourceTree = "<group>"; };
		AC4999232512311800F2267A /* Base */ = {isa = PBXFileReference; lastKnownFileType = file.storyboard; name = Base; path = Base.lproj/LaunchScreen.storyboard; sourceTree = "<group>"; };
		AC4999252512311800F2267A /* Info.plist */ = {isa = PBXFileReference; lastKnownFileType = text.plist.xml; path = Info.plist; sourceTree = "<group>"; };
		AC4999262512311800F2267A /* main.m */ = {isa = PBXFileReference; lastKnownFileType = sourcecode.c.objc; path = main.m; sourceTree = "<group>"; };
		AC4999302512427500F2267A /* RATPlacesViewController.h */ = {isa = PBXFileReference; lastKnownFileType = sourcecode.c.h; path = RATPlacesViewController.h; sourceTree = "<group>"; };
		AC4999312512427500F2267A /* RATPlacesViewController.m */ = {isa = PBXFileReference; lastKnownFileType = sourcecode.c.objc; path = RATPlacesViewController.m; sourceTree = "<group>"; };
		AC49993325124BDC00F2267A /* RATPlace.h */ = {isa = PBXFileReference; fileEncoding = 4; lastKnownFileType = sourcecode.c.h; path = RATPlace.h; sourceTree = "<group>"; };
		AC49993425124BDC00F2267A /* RATPlace.m */ = {isa = PBXFileReference; fileEncoding = 4; lastKnownFileType = sourcecode.c.objc; path = RATPlace.m; sourceTree = "<group>"; };
		AC4999362512581F00F2267A /* RATPlaceStore.h */ = {isa = PBXFileReference; lastKnownFileType = sourcecode.c.h; path = RATPlaceStore.h; sourceTree = "<group>"; };
		AC4999372512581F00F2267A /* RATPlaceStore.m */ = {isa = PBXFileReference; lastKnownFileType = sourcecode.c.objc; path = RATPlaceStore.m; sourceTree = "<group>"; };
		AC80F2ED2518D3380036029E /* RATDetailViewController.h */ = {isa = PBXFileReference; lastKnownFileType = sourcecode.c.h; path = RATDetailViewController.h; sourceTree = "<group>"; };
		AC80F2EE2518D3380036029E /* RATDetailViewController.m */ = {isa = PBXFileReference; lastKnownFileType = sourcecode.c.objc; path = RATDetailViewController.m; sourceTree = "<group>"; };
		AC80F2EF2518D3380036029E /* RATDetailViewController.xib */ = {isa = PBXFileReference; lastKnownFileType = file.xib; path = RATDetailViewController.xib; sourceTree = "<group>"; };
/* End PBXFileReference section */

/* Begin PBXFrameworksBuildPhase section */
		AC49990E2512311600F2267A /* Frameworks */ = {
			isa = PBXFrameworksBuildPhase;
			buildActionMask = 2147483647;
			files = (
			);
			runOnlyForDeploymentPostprocessing = 0;
		};
/* End PBXFrameworksBuildPhase section */

/* Begin PBXGroup section */
		AC4999082512311600F2267A = {
			isa = PBXGroup;
			children = (
				AC4999132512311600F2267A /* MyPlaces */,
				AC4999122512311600F2267A /* Products */,
			);
			sourceTree = "<group>";
		};
		AC4999122512311600F2267A /* Products */ = {
			isa = PBXGroup;
			children = (
				AC4999112512311600F2267A /* MyPlaces.app */,
			);
			name = Products;
			sourceTree = "<group>";
		};
		AC4999132512311600F2267A /* MyPlaces */ = {
			isa = PBXGroup;
			children = (
				AC4999142512311600F2267A /* AppDelegate.h */,
				AC4999152512311600F2267A /* AppDelegate.m */,
				AC80F2ED2518D3380036029E /* RATDetailViewController.h */,
				AC80F2EE2518D3380036029E /* RATDetailViewController.m */,
				AC80F2EF2518D3380036029E /* RATDetailViewController.xib */,
				AC07B58F251E69B800B492C9 /* RATDetailViewController+.h */,
				AC07B587251E5CFD00B492C9 /* RATDetailViewController+UITextFieldDelegate.m */,
				AC07B58A251E643100B492C9 /* RATDetailViewController+UIImagePickerControllerDelegate.m */,
				AC4999302512427500F2267A /* RATPlacesViewController.h */,
				AC4999312512427500F2267A /* RATPlacesViewController.m */,
				AC49993325124BDC00F2267A /* RATPlace.h */,
				AC49993425124BDC00F2267A /* RATPlace.m */,
				AC4999362512581F00F2267A /* RATPlaceStore.h */,
				AC4999372512581F00F2267A /* RATPlaceStore.m */,
				AC07B583251E1A5000B492C9 /* RATImageStore.h */,
				AC07B584251E1A5000B492C9 /* RATImageStore.m */,
				AC4999202512311800F2267A /* Assets.xcassets */,
				AC4999222512311800F2267A /* LaunchScreen.storyboard */,
				AC4999252512311800F2267A /* Info.plist */,
				AC4999262512311800F2267A /* main.m */,
			);
			path = MyPlaces;
			sourceTree = "<group>";
		};
/* End PBXGroup section */

/* Begin PBXNativeTarget section */
		AC4999102512311600F2267A /* MyPlaces */ = {
			isa = PBXNativeTarget;
			buildConfigurationList = AC49992A2512311800F2267A /* Build configuration list for PBXNativeTarget "MyPlaces" */;
			buildPhases = (
				AC49990D2512311600F2267A /* Sources */,
				AC49990E2512311600F2267A /* Frameworks */,
				AC49990F2512311600F2267A /* Resources */,
			);
			buildRules = (
			);
			dependencies = (
			);
			name = MyPlaces;
			productName = Homepwner;
			productReference = AC4999112512311600F2267A /* MyPlaces.app */;
			productType = "com.apple.product-type.application";
		};
/* End PBXNativeTarget section */

/* Begin PBXProject section */
		AC4999092512311600F2267A /* Project object */ = {
			isa = PBXProject;
			attributes = {
				CLASSPREFIX = RAT;
				LastUpgradeCheck = 1130;
				ORGANIZATIONNAME = "Rakhmatulin Artem Timurovich IP";
				TargetAttributes = {
					AC4999102512311600F2267A = {
						CreatedOnToolsVersion = 11.3.1;
					};
				};
			};
			buildConfigurationList = AC49990C2512311600F2267A /* Build configuration list for PBXProject "MyPlaces" */;
			compatibilityVersion = "Xcode 9.3";
			developmentRegion = en;
			hasScannedForEncodings = 0;
			knownRegions = (
				en,
				Base,
			);
			mainGroup = AC4999082512311600F2267A;
			productRefGroup = AC4999122512311600F2267A /* Products */;
			projectDirPath = "";
			projectRoot = "";
			targets = (
				AC4999102512311600F2267A /* MyPlaces */,
			);
		};
/* End PBXProject section */

/* Begin PBXResourcesBuildPhase section */
		AC49990F2512311600F2267A /* Resources */ = {
			isa = PBXResourcesBuildPhase;
			buildActionMask = 2147483647;
			files = (
				AC80F2F12518D3380036029E /* RATDetailViewController.xib in Resources */,
				AC4999242512311800F2267A /* LaunchScreen.storyboard in Resources */,
				AC4999212512311800F2267A /* Assets.xcassets in Resources */,
			);
			runOnlyForDeploymentPostprocessing = 0;
		};
/* End PBXResourcesBuildPhase section */

/* Begin PBXSourcesBuildPhase section */
		AC49990D2512311600F2267A /* Sources */ = {
			isa = PBXSourcesBuildPhase;
			buildActionMask = 2147483647;
			files = (
				AC07B588251E5CFD00B492C9 /* RATDetailViewController+UITextFieldDelegate.m in Sources */,
				AC07B58B251E643100B492C9 /* RATDetailViewController+UIImagePickerControllerDelegate.m in Sources */,
				AC4999162512311600F2267A /* AppDelegate.m in Sources */,
				AC07B585251E1A5000B492C9 /* RATImageStore.m in Sources */,
				AC49993525124BDC00F2267A /* RATPlace.m in Sources */,
				AC4999322512427500F2267A /* RATPlacesViewController.m in Sources */,
				AC80F2F02518D3380036029E /* RATDetailViewController.m in Sources */,
				AC4999382512581F00F2267A /* RATPlaceStore.m in Sources */,
				AC4999272512311800F2267A /* main.m in Sources */,
			);
			runOnlyForDeploymentPostprocessing = 0;
		};
/* End PBXSourcesBuildPhase section */

/* Begin PBXVariantGroup section */
		AC4999222512311800F2267A /* LaunchScreen.storyboard */ = {
			isa = PBXVariantGroup;
			children = (
				AC4999232512311800F2267A /* Base */,
			);
			name = LaunchScreen.storyboard;
			sourceTree = "<group>";
		};
/* End PBXVariantGroup section */

/* Begin XCBuildConfiguration section */
		AC4999282512311800F2267A /* Debug */ = {
			isa = XCBuildConfiguration;
			buildSettings = {
				ALWAYS_SEARCH_USER_PATHS = NO;
				CLANG_ANALYZER_NONNULL = YES;
				CLANG_ANALYZER_NUMBER_OBJECT_CONVERSION = YES_AGGRESSIVE;
				CLANG_CXX_LANGUAGE_STANDARD = "gnu++14";
				CLANG_CXX_LIBRARY = "libc++";
				CLANG_ENABLE_MODULES = YES;
				CLANG_ENABLE_OBJC_ARC = YES;
				CLANG_ENABLE_OBJC_WEAK = YES;
				CLANG_WARN_BLOCK_CAPTURE_AUTORELEASING = YES;
				CLANG_WARN_BOOL_CONVERSION = YES;
				CLANG_WARN_COMMA = YES;
				CLANG_WARN_CONSTANT_CONVERSION = YES;
				CLANG_WARN_DEPRECATED_OBJC_IMPLEMENTATIONS = YES;
				CLANG_WARN_DIRECT_OBJC_ISA_USAGE = YES_ERROR;
				CLANG_WARN_DOCUMENTATION_COMMENTS = YES;
				CLANG_WARN_EMPTY_BODY = YES;
				CLANG_WARN_ENUM_CONVERSION = YES;
				CLANG_WARN_INFINITE_RECURSION = YES;
				CLANG_WARN_INT_CONVERSION = YES;
				CLANG_WARN_NON_LITERAL_NULL_CONVERSION = YES;
				CLANG_WARN_OBJC_IMPLICIT_RETAIN_SELF = YES;
				CLANG_WARN_OBJC_LITERAL_CONVERSION = YES;
				CLANG_WARN_OBJC_ROOT_CLASS = YES_ERROR;
				CLANG_WARN_RANGE_LOOP_ANALYSIS = YES;
				CLANG_WARN_STRICT_PROTOTYPES = YES;
				CLANG_WARN_SUSPICIOUS_MOVE = YES;
				CLANG_WARN_UNGUARDED_AVAILABILITY = YES_AGGRESSIVE;
				CLANG_WARN_UNREACHABLE_CODE = YES;
				CLANG_WARN__DUPLICATE_METHOD_MATCH = YES;
				COPY_PHASE_STRIP = NO;
				DEBUG_INFORMATION_FORMAT = dwarf;
				ENABLE_STRICT_OBJC_MSGSEND = YES;
				ENABLE_TESTABILITY = YES;
				GCC_C_LANGUAGE_STANDARD = gnu11;
				GCC_DYNAMIC_NO_PIC = NO;
				GCC_NO_COMMON_BLOCKS = YES;
				GCC_OPTIMIZATION_LEVEL = 0;
				GCC_PREPROCESSOR_DEFINITIONS = (
					"DEBUG=1",
					"$(inherited)",
				);
				GCC_WARN_64_TO_32_BIT_CONVERSION = YES;
				GCC_WARN_ABOUT_RETURN_TYPE = YES_ERROR;
				GCC_WARN_UNDECLARED_SELECTOR = YES;
				GCC_WARN_UNINITIALIZED_AUTOS = YES_AGGRESSIVE;
				GCC_WARN_UNUSED_FUNCTION = YES;
				GCC_WARN_UNUSED_VARIABLE = YES;
				IPHONEOS_DEPLOYMENT_TARGET = 12.0;
				MTL_ENABLE_DEBUG_INFO = INCLUDE_SOURCE;
				MTL_FAST_MATH = YES;
				ONLY_ACTIVE_ARCH = YES;
				SDKROOT = iphoneos;
			};
			name = Debug;
		};
		AC4999292512311800F2267A /* Release */ = {
			isa = XCBuildConfiguration;
			buildSettings = {
				ALWAYS_SEARCH_USER_PATHS = NO;
				CLANG_ANALYZER_NONNULL = YES;
				CLANG_ANALYZER_NUMBER_OBJECT_CONVERSION = YES_AGGRESSIVE;
				CLANG_CXX_LANGUAGE_STANDARD = "gnu++14";
				CLANG_CXX_LIBRARY = "libc++";
				CLANG_ENABLE_MODULES = YES;
				CLANG_ENABLE_OBJC_ARC = YES;
				CLANG_ENABLE_OBJC_WEAK = YES;
				CLANG_WARN_BLOCK_CAPTURE_AUTORELEASING = YES;
				CLANG_WARN_BOOL_CONVERSION = YES;
				CLANG_WARN_COMMA = YES;
				CLANG_WARN_CONSTANT_CONVERSION = YES;
				CLANG_WARN_DEPRECATED_OBJC_IMPLEMENTATIONS = YES;
				CLANG_WARN_DIRECT_OBJC_ISA_USAGE = YES_ERROR;
				CLANG_WARN_DOCUMENTATION_COMMENTS = YES;
				CLANG_WARN_EMPTY_BODY = YES;
				CLANG_WARN_ENUM_CONVERSION = YES;
				CLANG_WARN_INFINITE_RECURSION = YES;
				CLANG_WARN_INT_CONVERSION = YES;
				CLANG_WARN_NON_LITERAL_NULL_CONVERSION = YES;
				CLANG_WARN_OBJC_IMPLICIT_RETAIN_SELF = YES;
				CLANG_WARN_OBJC_LITERAL_CONVERSION = YES;
				CLANG_WARN_OBJC_ROOT_CLASS = YES_ERROR;
				CLANG_WARN_RANGE_LOOP_ANALYSIS = YES;
				CLANG_WARN_STRICT_PROTOTYPES = YES;
				CLANG_WARN_SUSPICIOUS_MOVE = YES;
				CLANG_WARN_UNGUARDED_AVAILABILITY = YES_AGGRESSIVE;
				CLANG_WARN_UNREACHABLE_CODE = YES;
				CLANG_WARN__DUPLICATE_METHOD_MATCH = YES;
				COPY_PHASE_STRIP = NO;
				DEBUG_INFORMATION_FORMAT = "dwarf-with-dsym";
				ENABLE_NS_ASSERTIONS = NO;
				ENABLE_STRICT_OBJC_MSGSEND = YES;
				GCC_C_LANGUAGE_STANDARD = gnu11;
				GCC_NO_COMMON_BLOCKS = YES;
				GCC_WARN_64_TO_32_BIT_CONVERSION = YES;
				GCC_WARN_ABOUT_RETURN_TYPE = YES_ERROR;
				GCC_WARN_UNDECLARED_SELECTOR = YES;
				GCC_WARN_UNINITIALIZED_AUTOS = YES_AGGRESSIVE;
				GCC_WARN_UNUSED_FUNCTION = YES;
				GCC_WARN_UNUSED_VARIABLE = YES;
				IPHONEOS_DEPLOYMENT_TARGET = 12.0;
				MTL_ENABLE_DEBUG_INFO = NO;
				MTL_FAST_MATH = YES;
				SDKROOT = iphoneos;
				VALIDATE_PRODUCT = YES;
			};
			name = Release;
		};
		AC49992B2512311800F2267A /* Debug */ = {
			isa = XCBuildConfiguration;
			buildSettings = {
				ASSETCATALOG_COMPILER_APPICON_NAME = AppIcon;
				CODE_SIGN_STYLE = Automatic;
				DEVELOPMENT_TEAM = PZ6M9K8H8C;
				INFOPLIST_FILE = MyPlaces/Info.plist;
				LD_RUNPATH_SEARCH_PATHS = (
					"$(inherited)",
					"@executable_path/Frameworks",
				);
				PRODUCT_BUNDLE_IDENTIFIER = com.rakhmatulin.MyPlaces;
				PRODUCT_NAME = MyPlaces;
				TARGETED_DEVICE_FAMILY = "1,2";
			};
			name = Debug;
		};
		AC49992C2512311800F2267A /* Release */ = {
			isa = XCBuildConfiguration;
			buildSettings = {
				ASSETCATALOG_COMPILER_APPICON_NAME = AppIcon;
				CODE_SIGN_STYLE = Automatic;
				DEVELOPMENT_TEAM = PZ6M9K8H8C;
				INFOPLIST_FILE = MyPlaces/Info.plist;
				LD_RUNPATH_SEARCH_PATHS = (
					"$(inherited)",
					"@executable_path/Frameworks",
				);
				PRODUCT_BUNDLE_IDENTIFIER = com.rakhmatulin.MyPlaces;
				PRODUCT_NAME = MyPlaces;
				TARGETED_DEVICE_FAMILY = "1,2";
			};
			name = Release;
		};
/* End XCBuildConfiguration section */

/* Begin XCConfigurationList section */
		AC49990C2512311600F2267A /* Build configuration list for PBXProject "MyPlaces" */ = {
			isa = XCConfigurationList;
			buildConfigurations = (
				AC4999282512311800F2267A /* Debug */,
				AC4999292512311800F2267A /* Release */,
			);
			defaultConfigurationIsVisible = 0;
			defaultConfigurationName = Release;
		};
		AC49992A2512311800F2267A /* Build configuration list for PBXNativeTarget "MyPlaces" */ = {
			isa = XCConfigurationList;
			buildConfigurations = (
				AC49992B2512311800F2267A /* Debug */,
				AC49992C2512311800F2267A /* Release */,
			);
			defaultConfigurationIsVisible = 0;
			defaultConfigurationName = Release;
		};
/* End XCConfigurationList section */
	};
	rootObject = AC4999092512311600F2267A /* Project object */;
}
